
Microsoft Visual Studio Solution File, Format Version 12.00
# Visual Studio 15
VisualStudioVersion = 15.0.28307.1259
MinimumVisualStudioVersion = 10.0.40219.1
Project("{FAE04EC0-301F-11D3-BF4B-00C04F79EFBC}") = "WpfPersonenverwaltung", "WpfPersonenverwaltung\WpfPersonenverwaltung.csproj", "{D04FD3EE-3B47-41D2-BB7A-A1C28E3D032B}"
EndProject
Project("{FAE04EC0-301F-11D3-BF4B-00C04F79EFBC}") = "WpfPersonenverwaltungTest", "WpfPersonenverwaltungTest\WpfPersonenverwaltungTest.csproj", "{711CEA74-785F-4B76-B18B-972CA3B139AA}"
EndProject
Global
	GlobalSection(SolutionConfigurationPlatforms) = preSolution
		Debug|Any CPU = Debug|Any CPU
		Release|Any CPU = Release|Any CPU
	EndGlobalSection
	GlobalSection(ProjectConfigurationPlatforms) = postSolution
		{D04FD3EE-3B47-41D2-BB7A-A1C28E3D032B}.Debug|Any CPU.ActiveCfg = Debug|Any CPU
		{D04FD3EE-3B47-41D2-BB7A-A1C28E3D032B}.Debug|Any CPU.Build.0 = Debug|Any CPU
		{D04FD3EE-3B47-41D2-BB7A-A1C28E3D032B}.Release|Any CPU.ActiveCfg = Release|Any CPU
		{D04FD3EE-3B47-41D2-BB7A-A1C28E3D032B}.Release|Any CPU.Build.0 = Release|Any CPU
		{711CEA74-785F-4B76-B18B-972CA3B139AA}.Debug|Any CPU.ActiveCfg = Debug|Any CPU
		{711CEA74-785F-4B76-B18B-972CA3B139AA}.Debug|Any CPU.Build.0 = Debug|Any CPU
		{711CEA74-785F-4B76-B18B-972CA3B139AA}.Release|Any CPU.ActiveCfg = Release|Any CPU
		{711CEA74-785F-4B76-B18B-972CA3B139AA}.Release|Any CPU.Build.0 = Release|Any CPU
	EndGlobalSection
	GlobalSection(SolutionProperties) = preSolution
		HideSolutionNode = FALSE
	EndGlobalSection
	GlobalSection(ExtensibilityGlobals) = postSolution
		SolutionGuid = {473DBCC1-F972-4800-9AE3-12939E591084}
	EndGlobalSection
EndGlobal
